
Microsoft Visual Studio Solution File, Format Version 12.00
# Visual Studio Version 17
VisualStudioVersion = 17.8.34316.72
MinimumVisualStudioVersion = 10.0.40219.1
Project("{8BC9CEB8-8B4A-11D0-8D11-00A0C91BC942}") = "dsa1", "dsa1\dsa1.vcxproj", "{038CBF77-5CAE-4D10-93AC-BE9346C8BE0D}"
EndProject
Global
	GlobalSection(SolutionConfigurationPlatforms) = preSolution
		Debug|x64 = Debug|x64
		Debug|x86 = Debug|x86
		Release|x64 = Release|x64
		Release|x86 = Release|x86
	EndGlobalSection
	GlobalSection(ProjectConfigurationPlatforms) = postSolution
		{038CBF77-5CAE-4D10-93AC-BE9346C8BE0D}.Debug|x64.ActiveCfg = Debug|x64
		{038CBF77-5CAE-4D10-93AC-BE9346C8BE0D}.Debug|x64.Build.0 = Debug|x64
		{038CBF77-5CAE-4D10-93AC-BE9346C8BE0D}.Debug|x86.ActiveCfg = Debug|Win32
		{038CBF77-5CAE-4D10-93AC-BE9346C8BE0D}.Debug|x86.Build.0 = Debug|Win32
		{038CBF77-5CAE-4D10-93AC-BE9346C8BE0D}.Release|x64.ActiveCfg = Release|x64
		{038CBF77-5CAE-4D10-93AC-BE9346C8BE0D}.Release|x64.Build.0 = Release|x64
		{038CBF77-5CAE-4D10-93AC-BE9346C8BE0D}.Release|x86.ActiveCfg = Release|Win32
		{038CBF77-5CAE-4D10-93AC-BE9346C8BE0D}.Release|x86.Build.0 = Release|Win32
	EndGlobalSection
	GlobalSection(SolutionProperties) = preSolution
		HideSolutionNode = FALSE
	EndGlobalSection
	GlobalSection(ExtensibilityGlobals) = postSolution
		SolutionGuid = {80C3D9EF-B760-4426-B31E-D183F3DD29AF}
	EndGlobalSection
EndGlobal
